
Microsoft Visual Studio Solution File, Format Version 12.00
# Visual Studio Version 17
VisualStudioVersion = 17.0.32112.339
MinimumVisualStudioVersion = 10.0.40219.1
Project("{FAE04EC0-301F-11D3-BF4B-00C04F79EFBC}") = "ShindaTest2", "ShindaTest2\ShindaTest2.csproj", "{A8263154-79DA-400D-B536-3A2DB85BC2AB}"
EndProject
Global
	GlobalSection(SolutionConfigurationPlatforms) = preSolution
		Debug|Any CPU = Debug|Any CPU
		Release|Any CPU = Release|Any CPU
	EndGlobalSection
	GlobalSection(ProjectConfigurationPlatforms) = postSolution
		{A8263154-79DA-400D-B536-3A2DB85BC2AB}.Debug|Any CPU.ActiveCfg = Debug|Any CPU
		{A8263154-79DA-400D-B536-3A2DB85BC2AB}.Debug|Any CPU.Build.0 = Debug|Any CPU
		{A8263154-79DA-400D-B536-3A2DB85BC2AB}.Release|Any CPU.ActiveCfg = Release|Any CPU
		{A8263154-79DA-400D-B536-3A2DB85BC2AB}.Release|Any CPU.Build.0 = Release|Any CPU
	EndGlobalSection
	GlobalSection(SolutionProperties) = preSolution
		HideSolutionNode = FALSE
	EndGlobalSection
	GlobalSection(ExtensibilityGlobals) = postSolution
		SolutionGuid = {CCADF480-3A3F-465E-821A-56B0EEECBC72}
	EndGlobalSection
EndGlobal
